
Microsoft Visual Studio Solution File, Format Version 12.00
# Visual Studio Version 17
VisualStudioVersion = 17.2.32630.192
MinimumVisualStudioVersion = 10.0.40219.1
Project("{9A19103F-16F7-4668-BE54-9A1E7A4F7556}") = "Info G", "Info G\Info G.csproj", "{F6B17F43-6287-47A2-BB75-2C37D53DD074}"
EndProject
Project("{9A19103F-16F7-4668-BE54-9A1E7A4F7556}") = "DropdownTopicControl", "DropdownTopicControl\DropdownTopicControl.csproj", "{4AABB356-5795-4D64-94AC-510A30458210}"
EndProject
Project("{00D1A9C2-B5F0-4AF3-8072-F6C62B433612}") = "Info_gDB", "Info_gDB\Info_gDB.sqlproj", "{36BC5CBF-8524-4083-B245-D7355172EECA}"
EndProject
Global
	GlobalSection(SolutionConfigurationPlatforms) = preSolution
		Debug|Any CPU = Debug|Any CPU
		Release|Any CPU = Release|Any CPU
	EndGlobalSection
	GlobalSection(ProjectConfigurationPlatforms) = postSolution
		{F6B17F43-6287-47A2-BB75-2C37D53DD074}.Debug|Any CPU.ActiveCfg = Debug|Any CPU
		{F6B17F43-6287-47A2-BB75-2C37D53DD074}.Debug|Any CPU.Build.0 = Debug|Any CPU
		{F6B17F43-6287-47A2-BB75-2C37D53DD074}.Release|Any CPU.ActiveCfg = Release|Any CPU
		{F6B17F43-6287-47A2-BB75-2C37D53DD074}.Release|Any CPU.Build.0 = Release|Any CPU
		{4AABB356-5795-4D64-94AC-510A30458210}.Debug|Any CPU.ActiveCfg = Debug|Any CPU
		{4AABB356-5795-4D64-94AC-510A30458210}.Debug|Any CPU.Build.0 = Debug|Any CPU
		{4AABB356-5795-4D64-94AC-510A30458210}.Release|Any CPU.ActiveCfg = Release|Any CPU
		{4AABB356-5795-4D64-94AC-510A30458210}.Release|Any CPU.Build.0 = Release|Any CPU
		{36BC5CBF-8524-4083-B245-D7355172EECA}.Debug|Any CPU.ActiveCfg = Debug|Any CPU
		{36BC5CBF-8524-4083-B245-D7355172EECA}.Debug|Any CPU.Build.0 = Debug|Any CPU
		{36BC5CBF-8524-4083-B245-D7355172EECA}.Debug|Any CPU.Deploy.0 = Debug|Any CPU
		{36BC5CBF-8524-4083-B245-D7355172EECA}.Release|Any CPU.ActiveCfg = Release|Any CPU
		{36BC5CBF-8524-4083-B245-D7355172EECA}.Release|Any CPU.Build.0 = Release|Any CPU
		{36BC5CBF-8524-4083-B245-D7355172EECA}.Release|Any CPU.Deploy.0 = Release|Any CPU
	EndGlobalSection
	GlobalSection(SolutionProperties) = preSolution
		HideSolutionNode = FALSE
	EndGlobalSection
	GlobalSection(ExtensibilityGlobals) = postSolution
		SolutionGuid = {A5FC8C0B-27F1-4AAD-9A1C-27AD48A603D5}
	EndGlobalSection
EndGlobal
